Microsoft Visual Studio Solution File, Format Version 12.00
# Visual Studio Version 17
VisualStudioVersion = 17.0.31521.260
MinimumVisualStudioVersion = 16.0.0.0
Project("{9A19103F-16F7-4668-BE54-9A1E7A4F7556}") = "CustomCommandBot.Server", "Server\CustomCommandBot.Server.csproj", "{A6B2DD4D-57E4-4CCB-B85B-A7E75D906518}"
EndProject
Project("{9A19103F-16F7-4668-BE54-9A1E7A4F7556}") = "CustomCommandBot.Client", "Client\CustomCommandBot.Client.csproj", "{3485254B-5BD2-47BD-9397-46C587C3FE1F}"
EndProject
Project("{9A19103F-16F7-4668-BE54-9A1E7A4F7556}") = "CustomCommandBot.Shared", "Shared\CustomCommandBot.Shared.csproj", "{57702887-5C2A-4D2E-BCB5-B9F6D6E06D4A}"
EndProject
Global
	GlobalSection(SolutionConfigurationPlatforms) = preSolution
		Debug|Any CPU = Debug|Any CPU
		Debug|x64 = Debug|x64
		Debug|x86 = Debug|x86
		Release|Any CPU = Release|Any CPU
		Release|x64 = Release|x64
		Release|x86 = Release|x86
	EndGlobalSection
	GlobalSection(ProjectConfigurationPlatforms) = postSolution
		{A6B2DD4D-57E4-4CCB-B85B-A7E75D906518}.Debug|Any CPU.ActiveCfg = Debug|Any CPU
		{A6B2DD4D-57E4-4CCB-B85B-A7E75D906518}.Debug|Any CPU.Build.0 = Debug|Any CPU
		{A6B2DD4D-57E4-4CCB-B85B-A7E75D906518}.Debug|x64.ActiveCfg = Debug|Any CPU
		{A6B2DD4D-57E4-4CCB-B85B-A7E75D906518}.Debug|x64.Build.0 = Debug|Any CPU
		{A6B2DD4D-57E4-4CCB-B85B-A7E75D906518}.Debug|x86.ActiveCfg = Debug|Any CPU
		{A6B2DD4D-57E4-4CCB-B85B-A7E75D906518}.Debug|x86.Build.0 = Debug|Any CPU
		{A6B2DD4D-57E4-4CCB-B85B-A7E75D906518}.Release|Any CPU.ActiveCfg = Release|Any CPU
		{A6B2DD4D-57E4-4CCB-B85B-A7E75D906518}.Release|Any CPU.Build.0 = Release|Any CPU
		{A6B2DD4D-57E4-4CCB-B85B-A7E75D906518}.Release|x64.ActiveCfg = Release|Any CPU
		{A6B2DD4D-57E4-4CCB-B85B-A7E75D906518}.Release|x64.Build.0 = Release|Any CPU
		{A6B2DD4D-57E4-4CCB-B85B-A7E75D906518}.Release|x86.ActiveCfg = Release|Any CPU
		{A6B2DD4D-57E4-4CCB-B85B-A7E75D906518}.Release|x86.Build.0 = Release|Any CPU
		{3485254B-5BD2-47BD-9397-46C587C3FE1F}.Debug|Any CPU.ActiveCfg = Debug|Any CPU
		{3485254B-5BD2-47BD-9397-46C587C3FE1F}.Debug|Any CPU.Build.0 = Debug|Any CPU
		{3485254B-5BD2-47BD-9397-46C587C3FE1F}.Debug|x64.ActiveCfg = Debug|Any CPU
		{3485254B-5BD2-47BD-9397-46C587C3FE1F}.Debug|x64.Build.0 = Debug|Any CPU
		{3485254B-5BD2-47BD-9397-46C587C3FE1F}.Debug|x86.ActiveCfg = Debug|Any CPU
		{3485254B-5BD2-47BD-9397-46C587C3FE1F}.Debug|x86.Build.0 = Debug|Any CPU
		{3485254B-5BD2-47BD-9397-46C587C3FE1F}.Release|Any CPU.ActiveCfg = Release|Any CPU
		{3485254B-5BD2-47BD-9397-46C587C3FE1F}.Release|Any CPU.Build.0 = Release|Any CPU
		{3485254B-5BD2-47BD-9397-46C587C3FE1F}.Release|x64.ActiveCfg = Release|Any CPU
		{3485254B-5BD2-47BD-9397-46C587C3FE1F}.Release|x64.Build.0 = Release|Any CPU
		{3485254B-5BD2-47BD-9397-46C587C3FE1F}.Release|x86.ActiveCfg = Release|Any CPU
		{3485254B-5BD2-47BD-9397-46C587C3FE1F}.Release|x86.Build.0 = Release|Any CPU
		{57702887-5C2A-4D2E-BCB5-B9F6D6E06D4A}.Debug|Any CPU.ActiveCfg = Debug|Any CPU
		{57702887-5C2A-4D2E-BCB5-B9F6D6E06D4A}.Debug|Any CPU.Build.0 = Debug|Any CPU
		{57702887-5C2A-4D2E-BCB5-B9F6D6E06D4A}.Debug|x64.ActiveCfg = Debug|Any CPU
		{57702887-5C2A-4D2E-BCB5-B9F6D6E06D4A}.Debug|x64.Build.0 = Debug|Any CPU
		{57702887-5C2A-4D2E-BCB5-B9F6D6E06D4A}.Debug|x86.ActiveCfg = Debug|Any CPU
		{57702887-5C2A-4D2E-BCB5-B9F6D6E06D4A}.Debug|x86.Build.0 = Debug|Any CPU
		{57702887-5C2A-4D2E-BCB5-B9F6D6E06D4A}.Release|Any CPU.ActiveCfg = Release|Any CPU
		{57702887-5C2A-4D2E-BCB5-B9F6D6E06D4A}.Release|Any CPU.Build.0 = Release|Any CPU
		{57702887-5C2A-4D2E-BCB5-B9F6D6E06D4A}.Release|x64.ActiveCfg = Release|Any CPU
		{57702887-5C2A-4D2E-BCB5-B9F6D6E06D4A}.Release|x64.Build.0 = Release|Any CPU
		{57702887-5C2A-4D2E-BCB5-B9F6D6E06D4A}.Release|x86.ActiveCfg = Release|Any CPU
		{57702887-5C2A-4D2E-BCB5-B9F6D6E06D4A}.Release|x86.Build.0 = Release|Any CPU
	EndGlobalSection
	GlobalSection(SolutionProperties) = preSolution
		HideSolutionNode = FALSE
	EndGlobalSection
	GlobalSection(ExtensibilityGlobals) = postSolution
		SolutionGuid = {28EF5B45-40CF-4AE5-98B6-2F558FC6EC7A}
	EndGlobalSection
EndGlobal
